
Microsoft Visual Studio Solution File, Format Version 12.00
Project("{FAE04EC0-301F-11D3-BF4B-00C04F79EFBC}") = "logicAndLoop", "logicAndLoop\logicAndLoop.csproj", "{7CC0D81A-2657-49B7-802D-081AAF5D32EF}"
EndProject
Project("{FAE04EC0-301F-11D3-BF4B-00C04F79EFBC}") = "BT2", "BT2\BT2.csproj", "{A2636167-FF45-4163-A3DD-1EC8D98DB187}"
EndProject
Project("{FAE04EC0-301F-11D3-BF4B-00C04F79EFBC}") = "BT3", "BT3\BT3.csproj", "{03E9D8CF-2E6C-4A07-9A89-50B1E15EF21D}"
EndProject
Project("{FAE04EC0-301F-11D3-BF4B-00C04F79EFBC}") = "BT4", "BT4\BT4.csproj", "{9B268476-D0B6-43C3-8249-070FB700EB7D}"
EndProject
Project("{FAE04EC0-301F-11D3-BF4B-00C04F79EFBC}") = "BT5", "BT5\BT5.csproj", "{52A2DD13-8E1F-4307-9C60-B9C963178B85}"
EndProject
Project("{FAE04EC0-301F-11D3-BF4B-00C04F79EFBC}") = "BT6", "BT6\BT6.csproj", "{B8E50326-0723-41B8-B814-A97B0AB76637}"
EndProject
Project("{FAE04EC0-301F-11D3-BF4B-00C04F79EFBC}") = "BT7", "BT7\BT7.csproj", "{25D68055-EFE5-44A7-90B9-3F91D169FF2F}"
EndProject
Project("{FAE04EC0-301F-11D3-BF4B-00C04F79EFBC}") = "BT8", "BT8\BT8.csproj", "{7CAAFC83-3BDE-404D-82E1-8659E41144FD}"
EndProject
Project("{FAE04EC0-301F-11D3-BF4B-00C04F79EFBC}") = "BT9", "BT9\BT9.csproj", "{107C2373-D974-433F-8FF4-87D939C6B332}"
EndProject
Project("{FAE04EC0-301F-11D3-BF4B-00C04F79EFBC}") = "BT10", "BT10\BT10.csproj", "{38195FC4-AAEE-4C84-9899-3EB18C87E38B}"
EndProject
Project("{FAE04EC0-301F-11D3-BF4B-00C04F79EFBC}") = "BT11", "BT11\BT11.csproj", "{79E9159F-796D-429E-ADE5-47BDDBBFF537}"
EndProject
Project("{FAE04EC0-301F-11D3-BF4B-00C04F79EFBC}") = "BT12", "BT12\BT12.csproj", "{B7D4D847-03FF-4CD7-BB1D-B0FBADC6D8A0}"
EndProject
Project("{FAE04EC0-301F-11D3-BF4B-00C04F79EFBC}") = "BT13", "BT13\BT13.csproj", "{22D20560-6F1B-445A-8DC6-B4D4BCA2D959}"
EndProject
Project("{FAE04EC0-301F-11D3-BF4B-00C04F79EFBC}") = "ConsoleApp1", "ConsoleApp1\ConsoleApp1.csproj", "{0B8D424A-64F2-4D09-A322-02ED10A2CE48}"
EndProject
Global
	GlobalSection(SolutionConfigurationPlatforms) = preSolution
		Debug|Any CPU = Debug|Any CPU
		Release|Any CPU = Release|Any CPU
	EndGlobalSection
	GlobalSection(ProjectConfigurationPlatforms) = postSolution
		{7CC0D81A-2657-49B7-802D-081AAF5D32EF}.Debug|Any CPU.ActiveCfg = Debug|Any CPU
		{7CC0D81A-2657-49B7-802D-081AAF5D32EF}.Debug|Any CPU.Build.0 = Debug|Any CPU
		{7CC0D81A-2657-49B7-802D-081AAF5D32EF}.Release|Any CPU.ActiveCfg = Release|Any CPU
		{7CC0D81A-2657-49B7-802D-081AAF5D32EF}.Release|Any CPU.Build.0 = Release|Any CPU
		{A2636167-FF45-4163-A3DD-1EC8D98DB187}.Debug|Any CPU.ActiveCfg = Debug|Any CPU
		{A2636167-FF45-4163-A3DD-1EC8D98DB187}.Debug|Any CPU.Build.0 = Debug|Any CPU
		{A2636167-FF45-4163-A3DD-1EC8D98DB187}.Release|Any CPU.ActiveCfg = Release|Any CPU
		{A2636167-FF45-4163-A3DD-1EC8D98DB187}.Release|Any CPU.Build.0 = Release|Any CPU
		{03E9D8CF-2E6C-4A07-9A89-50B1E15EF21D}.Debug|Any CPU.ActiveCfg = Debug|Any CPU
		{03E9D8CF-2E6C-4A07-9A89-50B1E15EF21D}.Debug|Any CPU.Build.0 = Debug|Any CPU
		{03E9D8CF-2E6C-4A07-9A89-50B1E15EF21D}.Release|Any CPU.ActiveCfg = Release|Any CPU
		{03E9D8CF-2E6C-4A07-9A89-50B1E15EF21D}.Release|Any CPU.Build.0 = Release|Any CPU
		{9B268476-D0B6-43C3-8249-070FB700EB7D}.Debug|Any CPU.ActiveCfg = Debug|Any CPU
		{9B268476-D0B6-43C3-8249-070FB700EB7D}.Debug|Any CPU.Build.0 = Debug|Any CPU
		{9B268476-D0B6-43C3-8249-070FB700EB7D}.Release|Any CPU.ActiveCfg = Release|Any CPU
		{9B268476-D0B6-43C3-8249-070FB700EB7D}.Release|Any CPU.Build.0 = Release|Any CPU
		{52A2DD13-8E1F-4307-9C60-B9C963178B85}.Debug|Any CPU.ActiveCfg = Debug|Any CPU
		{52A2DD13-8E1F-4307-9C60-B9C963178B85}.Debug|Any CPU.Build.0 = Debug|Any CPU
		{52A2DD13-8E1F-4307-9C60-B9C963178B85}.Release|Any CPU.ActiveCfg = Release|Any CPU
		{52A2DD13-8E1F-4307-9C60-B9C963178B85}.Release|Any CPU.Build.0 = Release|Any CPU
		{B8E50326-0723-41B8-B814-A97B0AB76637}.Debug|Any CPU.ActiveCfg = Debug|Any CPU
		{B8E50326-0723-41B8-B814-A97B0AB76637}.Debug|Any CPU.Build.0 = Debug|Any CPU
		{B8E50326-0723-41B8-B814-A97B0AB76637}.Release|Any CPU.ActiveCfg = Release|Any CPU
		{B8E50326-0723-41B8-B814-A97B0AB76637}.Release|Any CPU.Build.0 = Release|Any CPU
		{25D68055-EFE5-44A7-90B9-3F91D169FF2F}.Debug|Any CPU.ActiveCfg = Debug|Any CPU
		{25D68055-EFE5-44A7-90B9-3F91D169FF2F}.Debug|Any CPU.Build.0 = Debug|Any CPU
		{25D68055-EFE5-44A7-90B9-3F91D169FF2F}.Release|Any CPU.ActiveCfg = Release|Any CPU
		{25D68055-EFE5-44A7-90B9-3F91D169FF2F}.Release|Any CPU.Build.0 = Release|Any CPU
		{7CAAFC83-3BDE-404D-82E1-8659E41144FD}.Debug|Any CPU.ActiveCfg = Debug|Any CPU
		{7CAAFC83-3BDE-404D-82E1-8659E41144FD}.Debug|Any CPU.Build.0 = Debug|Any CPU
		{7CAAFC83-3BDE-404D-82E1-8659E41144FD}.Release|Any CPU.ActiveCfg = Release|Any CPU
		{7CAAFC83-3BDE-404D-82E1-8659E41144FD}.Release|Any CPU.Build.0 = Release|Any CPU
		{107C2373-D974-433F-8FF4-87D939C6B332}.Debug|Any CPU.ActiveCfg = Debug|Any CPU
		{107C2373-D974-433F-8FF4-87D939C6B332}.Debug|Any CPU.Build.0 = Debug|Any CPU
		{107C2373-D974-433F-8FF4-87D939C6B332}.Release|Any CPU.ActiveCfg = Release|Any CPU
		{107C2373-D974-433F-8FF4-87D939C6B332}.Release|Any CPU.Build.0 = Release|Any CPU
		{38195FC4-AAEE-4C84-9899-3EB18C87E38B}.Debug|Any CPU.ActiveCfg = Debug|Any CPU
		{38195FC4-AAEE-4C84-9899-3EB18C87E38B}.Debug|Any CPU.Build.0 = Debug|Any CPU
		{38195FC4-AAEE-4C84-9899-3EB18C87E38B}.Release|Any CPU.ActiveCfg = Release|Any CPU
		{38195FC4-AAEE-4C84-9899-3EB18C87E38B}.Release|Any CPU.Build.0 = Release|Any CPU
		{79E9159F-796D-429E-ADE5-47BDDBBFF537}.Debug|Any CPU.ActiveCfg = Debug|Any CPU
		{79E9159F-796D-429E-ADE5-47BDDBBFF537}.Debug|Any CPU.Build.0 = Debug|Any CPU
		{79E9159F-796D-429E-ADE5-47BDDBBFF537}.Release|Any CPU.ActiveCfg = Release|Any CPU
		{79E9159F-796D-429E-ADE5-47BDDBBFF537}.Release|Any CPU.Build.0 = Release|Any CPU
		{B7D4D847-03FF-4CD7-BB1D-B0FBADC6D8A0}.Debug|Any CPU.ActiveCfg = Debug|Any CPU
		{B7D4D847-03FF-4CD7-BB1D-B0FBADC6D8A0}.Debug|Any CPU.Build.0 = Debug|Any CPU
		{B7D4D847-03FF-4CD7-BB1D-B0FBADC6D8A0}.Release|Any CPU.ActiveCfg = Release|Any CPU
		{B7D4D847-03FF-4CD7-BB1D-B0FBADC6D8A0}.Release|Any CPU.Build.0 = Release|Any CPU
		{22D20560-6F1B-445A-8DC6-B4D4BCA2D959}.Debug|Any CPU.ActiveCfg = Debug|Any CPU
		{22D20560-6F1B-445A-8DC6-B4D4BCA2D959}.Debug|Any CPU.Build.0 = Debug|Any CPU
		{22D20560-6F1B-445A-8DC6-B4D4BCA2D959}.Release|Any CPU.ActiveCfg = Release|Any CPU
		{22D20560-6F1B-445A-8DC6-B4D4BCA2D959}.Release|Any CPU.Build.0 = Release|Any CPU
		{0B8D424A-64F2-4D09-A322-02ED10A2CE48}.Debug|Any CPU.ActiveCfg = Debug|Any CPU
		{0B8D424A-64F2-4D09-A322-02ED10A2CE48}.Debug|Any CPU.Build.0 = Debug|Any CPU
		{0B8D424A-64F2-4D09-A322-02ED10A2CE48}.Release|Any CPU.ActiveCfg = Release|Any CPU
		{0B8D424A-64F2-4D09-A322-02ED10A2CE48}.Release|Any CPU.Build.0 = Release|Any CPU
	EndGlobalSection
EndGlobal
